# This file is automatically @generated by Cargo.
# It is not intended for manual editing.
version = 4

[[package]]
name = "bsp-raspi3b"
version = "0.1.0"
dependencies = [
 "common",
 "hal",
]

[[package]]
name = "common"
version = "0.1.0"

[[package]]
name = "drivers"
version = "0.1.0"

[[package]]
name = "hal"
version = "0.1.0"

[[package]]
name = "kernel"
version = "0.1.0"
dependencies = [
 "bsp-raspi3b",
 "hal",
]
